
Microsoft Visual Studio Solution File, Format Version 12.00
# Visual Studio Version 16
VisualStudioVersion = 16.0.33529.622
MinimumVisualStudioVersion = 10.0.40219.1
Project("{FAE04EC0-301F-11D3-BF4B-00C04F79EFBC}") = "CRUDOperations_MVC", "CRUDOperations_MVC\CRUDOperations_MVC.csproj", "{473B757C-BFB5-49AD-9EDF-C03398A87B3C}"
EndProject
Global
	GlobalSection(SolutionConfigurationPlatforms) = preSolution
		Debug|Any CPU = Debug|Any CPU
		Release|Any CPU = Release|Any CPU
	EndGlobalSection
	GlobalSection(ProjectConfigurationPlatforms) = postSolution
		{473B757C-BFB5-49AD-9EDF-C03398A87B3C}.Debug|Any CPU.ActiveCfg = Debug|Any CPU
		{473B757C-BFB5-49AD-9EDF-C03398A87B3C}.Debug|Any CPU.Build.0 = Debug|Any CPU
		{473B757C-BFB5-49AD-9EDF-C03398A87B3C}.Release|Any CPU.ActiveCfg = Release|Any CPU
		{473B757C-BFB5-49AD-9EDF-C03398A87B3C}.Release|Any CPU.Build.0 = Release|Any CPU
	EndGlobalSection
	GlobalSection(SolutionProperties) = preSolution
		HideSolutionNode = FALSE
	EndGlobalSection
	GlobalSection(ExtensibilityGlobals) = postSolution
		SolutionGuid = {AAA224CB-274F-40EF-A8FA-973D17709F5C}
	EndGlobalSection
EndGlobal
